{
  "name": "crafttweaker-documentation",
  "version": "1.0.0",
  "lockfileVersion": 2,
  "requires": true,
  "packages": {
    "": {
      "name": "crafttweaker-documentation",
      "version": "1.0.0",
      "license": "MIT",
      "dependencies": {
        "github-slugger": "^1.3.0",
        "merge-json": "0.1.0-b.3"
      },
      "devDependencies": {
        "@types/fs-extra": "^9.0.1",
        "@types/lunr": "^2.3.3",
        "@types/node": "^14.0.5",
        "cross-env": "^7.0.2",
        "dotenv": "^8.2.0",
        "fs-extra": "^9.0.0",
        "lunr": "^2.3.8",
        "remark-parse": "^8.0.2",
        "to-vfile": "^6.1.0",
        "ts-node": "^8.10.1",
        "typescript": "^3.9.3",
        "unified": "^9.0.0"
      }
    },
    "node_modules/@types/fs-extra": {
      "version": "9.0.1",
      "resolved": "https://registry.npmjs.org/@types/fs-extra/-/fs-extra-9.0.1.tgz",
      "integrity": "sha512-B42Sxuaz09MhC3DDeW5kubRcQ5by4iuVQ0cRRWM2lggLzAa/KVom0Aft/208NgMvNQQZ86s5rVcqDdn/SH0/mg==",
      "dev": true,
      "dependencies": {
        "@types/node": "*"
      }
    },
    "node_modules/@types/lunr": {
      "version": "2.3.3",
      "resolved": "https://registry.npmjs.org/@types/lunr/-/lunr-2.3.3.tgz",
      "integrity": "sha512-09sXZZVsB3Ib41U0fC+O1O+4UOZT1bl/e+/QubPxpqDWHNEchvx/DEb1KJMOwq6K3MTNzZFoNSzVdR++o1DVnw==",
      "dev": true
    },
    "node_modules/@types/node": {
      "version": "14.0.5",
      "resolved": "https://registry.npmjs.org/@types/node/-/node-14.0.5.tgz",
      "integrity": "sha512-90hiq6/VqtQgX8Sp0EzeIsv3r+ellbGj4URKj5j30tLlZvRUpnAe9YbYnjl3pJM93GyXU0tghHhvXHq+5rnCKA==",
      "dev": true
    },
    "node_modules/@types/unist": {
      "version": "2.0.3",
      "resolved": "https://registry.npmjs.org/@types/unist/-/unist-2.0.3.tgz",
      "integrity": "sha512-FvUupuM3rlRsRtCN+fDudtmytGO6iHJuuRKS1Ss0pG5z8oX0diNEw94UEL7hgDbpN94rgaK5R7sWm6RrSkZuAQ==",
      "dev": true
    },
    "node_modules/arg": {
      "version": "4.1.3",
      "resolved": "https://registry.npmjs.org/arg/-/arg-4.1.3.tgz",
      "integrity": "sha512-58S9QDqG0Xx27YwPSt9fJxivjYl432YCwfDMfZ+71RAqUrZef7LrKQZ3LHLOwCS4FLNBplP533Zx895SeOCHvA==",
      "dev": true
    },
    "node_modules/at-least-node": {
      "version": "1.0.0",
      "resolved": "https://registry.npmjs.org/at-least-node/-/at-least-node-1.0.0.tgz",
      "integrity": "sha512-+q/t7Ekv1EDY2l6Gda6LLiX14rU9TV20Wa3ofeQmwPFZbOMo9DXrLbOjFaaclkXKWidIaopwAObQDqwWtGUjqg==",
      "dev": true,
      "engines": {
        "node": ">= 4.0.0"
      }
    },
    "node_modules/bail": {
      "version": "1.0.5",
      "resolved": "https://registry.npmjs.org/bail/-/bail-1.0.5.tgz",
      "integrity": "sha512-xFbRxM1tahm08yHBP16MMjVUAvDaBMD38zsM9EMAUN61omwLmKlOpB/Zku5QkjZ8TZ4vn53pj+t518cH0S03RQ==",
      "dev": true
    },
    "node_modules/buffer-from": {
      "version": "1.1.1",
      "resolved": "https://registry.npmjs.org/buffer-from/-/buffer-from-1.1.1.tgz",
      "integrity": "sha512-MQcXEUbCKtEo7bhqEs6560Hyd4XaovZlO/k9V3hjVUF/zwW7KBVdSK4gIt/bzwS9MbR5qob+F5jusZsb0YQK2A==",
      "dev": true
    },
    "node_modules/ccount": {
      "version": "1.0.5",
      "resolved": "https://registry.npmjs.org/ccount/-/ccount-1.0.5.tgz",
      "integrity": "sha512-MOli1W+nfbPLlKEhInaxhRdp7KVLFxLN5ykwzHgLsLI3H3gs5jjFAK4Eoj3OzzcxCtumDaI8onoVDeQyWaNTkw==",
      "dev": true
    },
    "node_modules/character-entities": {
      "version": "1.2.4",
      "resolved": "https://registry.npmjs.org/character-entities/-/character-entities-1.2.4.tgz",
      "integrity": "sha512-iBMyeEHxfVnIakwOuDXpVkc54HijNgCyQB2w0VfGQThle6NXn50zU6V/u+LDhxHcDUPojn6Kpga3PTAD8W1bQw==",
      "dev": true
    },
    "node_modules/character-entities-legacy": {
      "version": "1.1.4",
      "resolved": "https://registry.npmjs.org/character-entities-legacy/-/character-entities-legacy-1.1.4.tgz",
      "integrity": "sha512-3Xnr+7ZFS1uxeiUDvV02wQ+QDbc55o97tIV5zHScSPJpcLm/r0DFPcoY3tYRp+VZukxuMeKgXYmsXQHO05zQeA==",
      "dev": true
    },
    "node_modules/character-reference-invalid": {
      "version": "1.1.4",
      "resolved": "https://registry.npmjs.org/character-reference-invalid/-/character-reference-invalid-1.1.4.tgz",
      "integrity": "sha512-mKKUkUbhPpQlCOfIuZkvSEgktjPFIsZKRRbC6KWVEMvlzblj3i3asQv5ODsrwt0N3pHAEvjP8KTQPHkp0+6jOg==",
      "dev": true
    },
    "node_modules/collapse-white-space": {
      "version": "1.0.6",
      "resolved": "https://registry.npmjs.org/collapse-white-space/-/collapse-white-space-1.0.6.tgz",
      "integrity": "sha512-jEovNnrhMuqyCcjfEJA56v0Xq8SkIoPKDyaHahwo3POf4qcSXqMYuwNcOTzp74vTsR9Tn08z4MxWqAhcekogkQ==",
      "dev": true
    },
    "node_modules/cross-env": {
      "version": "7.0.2",
      "resolved": "https://registry.npmjs.org/cross-env/-/cross-env-7.0.2.tgz",
      "integrity": "sha512-KZP/bMEOJEDCkDQAyRhu3RL2ZO/SUVrxQVI0G3YEQ+OLbRA3c6zgixe8Mq8a/z7+HKlNEjo8oiLUs8iRijY2Rw==",
      "dev": true,
      "dependencies": {
        "cross-spawn": "^7.0.1"
      },
      "bin": {
        "cross-env": "src/bin/cross-env.js",
        "cross-env-shell": "src/bin/cross-env-shell.js"
      },
      "engines": {
        "node": ">=10.14",
        "npm": ">=6",
        "yarn": ">=1"
      }
    },
    "node_modules/cross-spawn": {
      "version": "7.0.3",
      "resolved": "https://registry.npmjs.org/cross-spawn/-/cross-spawn-7.0.3.tgz",
      "integrity": "sha512-iRDPJKUPVEND7dHPO8rkbOnPpyDygcDFtWjpeWNCgy8WP2rXcxXL8TskReQl6OrB2G7+UJrags1q15Fudc7G6w==",
      "dev": true,
      "dependencies": {
        "path-key": "^3.1.0",
        "shebang-command": "^2.0.0",
        "which": "^2.0.1"
      },
      "engines": {
        "node": ">= 8"
      }
    },
    "node_modules/diff": {
      "version": "4.0.2",
      "resolved": "https://registry.npmjs.org/diff/-/diff-4.0.2.tgz",
      "integrity": "sha512-58lmxKSA4BNyLz+HHMUzlOEpg09FV+ev6ZMe3vJihgdxzgcwZ8VoEEPmALCZG9LmqfVoNMMKpttIYTVG6uDY7A==",
      "dev": true,
      "engines": {
        "node": ">=0.3.1"
      }
    },
    "node_modules/dotenv": {
      "version": "8.2.0",
      "resolved": "https://registry.npmjs.org/dotenv/-/dotenv-8.2.0.tgz",
      "integrity": "sha512-8sJ78ElpbDJBHNeBzUbUVLsqKdccaa/BXF1uPTw3GrvQTBgrQrtObr2mUrE38vzYd8cEv+m/JBfDLioYcfXoaw==",
      "dev": true,
      "engines": {
        "node": ">=8"
      }
    },
    "node_modules/emoji-regex": {
      "version": "6.1.1",
      "resolved": "https://registry.npmjs.org/emoji-regex/-/emoji-regex-6.1.1.tgz",
      "integrity": "sha1-xs0OwbBkLio8Z6ETfvxeeW2k+I4="
    },
    "node_modules/extend": {
      "version": "3.0.2",
      "resolved": "https://registry.npmjs.org/extend/-/extend-3.0.2.tgz",
      "integrity": "sha512-fjquC59cD7CyW6urNXK0FBufkZcoiGG80wTuPujX590cB5Ttln20E2UB4S/WARVqhXffZl2LNgS+gQdPIIim/g==",
      "dev": true
    },
    "node_modules/fs-extra": {
      "version": "9.0.0",
      "resolved": "https://registry.npmjs.org/fs-extra/-/fs-extra-9.0.0.tgz",
      "integrity": "sha512-pmEYSk3vYsG/bF651KPUXZ+hvjpgWYw/Gc7W9NFUe3ZVLczKKWIij3IKpOrQcdw4TILtibFslZ0UmR8Vvzig4g==",
      "dev": true,
      "dependencies": {
        "at-least-node": "^1.0.0",
        "graceful-fs": "^4.2.0",
        "jsonfile": "^6.0.1",
        "universalify": "^1.0.0"
      },
      "engines": {
        "node": ">=10"
      }
    },
    "node_modules/github-slugger": {
      "version": "1.3.0",
      "resolved": "https://registry.npmjs.org/github-slugger/-/github-slugger-1.3.0.tgz",
      "integrity": "sha512-gwJScWVNhFYSRDvURk/8yhcFBee6aFjye2a7Lhb2bUyRulpIoek9p0I9Kt7PT67d/nUlZbFu8L9RLiA0woQN8Q==",
      "dependencies": {
        "emoji-regex": ">=6.0.0 <=6.1.1"
      }
    },
    "node_modules/graceful-fs": {
      "version": "4.2.4",
      "resolved": "https://registry.npmjs.org/graceful-fs/-/graceful-fs-4.2.4.tgz",
      "integrity": "sha512-WjKPNJF79dtJAVniUlGGWHYGz2jWxT6VhN/4m1NdkbZ2nOsEF+cI1Edgql5zCRhs/VsQYRvrXctxktVXZUkixw==",
      "dev": true
    },
    "node_modules/inherits": {
      "version": "2.0.4",
      "resolved": "https://registry.npmjs.org/inherits/-/inherits-2.0.4.tgz",
      "integrity": "sha512-k/vGaX4/Yla3WzyMCvTQOXYeIHvqOKtnqBduzTHpzpQZzAskKMhZ2K+EnBiSM9zGSoIFeMpXKxa4dYeZIQqewQ==",
      "dev": true
    },
    "node_modules/is-alphabetical": {
      "version": "1.0.4",
      "resolved": "https://registry.npmjs.org/is-alphabetical/-/is-alphabetical-1.0.4.tgz",
      "integrity": "sha512-DwzsA04LQ10FHTZuL0/grVDk4rFoVH1pjAToYwBrHSxcrBIGQuXrQMtD5U1b0U2XVgKZCTLLP8u2Qxqhy3l2Vg==",
      "dev": true
    },
    "node_modules/is-alphanumerical": {
      "version": "1.0.4",
      "resolved": "https://registry.npmjs.org/is-alphanumerical/-/is-alphanumerical-1.0.4.tgz",
      "integrity": "sha512-UzoZUr+XfVz3t3v4KyGEniVL9BDRoQtY7tOyrRybkVNjDFWyo1yhXNGrrBTQxp3ib9BLAWs7k2YKBQsFRkZG9A==",
      "dev": true,
      "dependencies": {
        "is-alphabetical": "^1.0.0",
        "is-decimal": "^1.0.0"
      }
    },
    "node_modules/is-buffer": {
      "version": "2.0.4",
      "resolved": "https://registry.npmjs.org/is-buffer/-/is-buffer-2.0.4.tgz",
      "integrity": "sha512-Kq1rokWXOPXWuaMAqZiJW4XxsmD9zGx9q4aePabbn3qCRGedtH7Cm+zV8WETitMfu1wdh+Rvd6w5egwSngUX2A==",
      "dev": true,
      "engines": {
        "node": ">=4"
      }
    },
    "node_modules/is-decimal": {
      "version": "1.0.4",
      "resolved": "https://registry.npmjs.org/is-decimal/-/is-decimal-1.0.4.tgz",
      "integrity": "sha512-RGdriMmQQvZ2aqaQq3awNA6dCGtKpiDFcOzrTWrDAT2MiWrKQVPmxLGHl7Y2nNu6led0kEyoX0enY0qXYsv9zw==",
      "dev": true
    },
    "node_modules/is-hexadecimal": {
      "version": "1.0.4",
      "resolved": "https://registry.npmjs.org/is-hexadecimal/-/is-hexadecimal-1.0.4.tgz",
      "integrity": "sha512-gyPJuv83bHMpocVYoqof5VDiZveEoGoFL8m3BXNb2VW8Xs+rz9kqO8LOQ5DH6EsuvilT1ApazU0pyl+ytbPtlw==",
      "dev": true
    },
    "node_modules/is-plain-obj": {
      "version": "2.1.0",
      "resolved": "https://registry.npmjs.org/is-plain-obj/-/is-plain-obj-2.1.0.tgz",
      "integrity": "sha512-YWnfyRwxL/+SsrWYfOpUtz5b3YD+nyfkHvjbcanzk8zgyO4ASD67uVMRt8k5bM4lLMDnXfriRhOpemw+NfT1eA==",
      "dev": true,
      "engines": {
        "node": ">=8"
      }
    },
    "node_modules/is-whitespace-character": {
      "version": "1.0.4",
      "resolved": "https://registry.npmjs.org/is-whitespace-character/-/is-whitespace-character-1.0.4.tgz",
      "integrity": "sha512-SDweEzfIZM0SJV0EUga669UTKlmL0Pq8Lno0QDQsPnvECB3IM2aP0gdx5TrU0A01MAPfViaZiI2V1QMZLaKK5w==",
      "dev": true
    },
    "node_modules/is-word-character": {
      "version": "1.0.4",
      "resolved": "https://registry.npmjs.org/is-word-character/-/is-word-character-1.0.4.tgz",
      "integrity": "sha512-5SMO8RVennx3nZrqtKwCGyyetPE9VDba5ugvKLaD4KopPG5kR4mQ7tNt/r7feL5yt5h3lpuBbIUmCOG2eSzXHA==",
      "dev": true
    },
    "node_modules/isexe": {
      "version": "2.0.0",
      "resolved": "https://registry.npmjs.org/isexe/-/isexe-2.0.0.tgz",
      "integrity": "sha1-6PvzdNxVb/iUehDcsFctYz8s+hA=",
      "dev": true
    },
    "node_modules/jsonfile": {
      "version": "6.0.1",
      "resolved": "https://registry.npmjs.org/jsonfile/-/jsonfile-6.0.1.tgz",
      "integrity": "sha512-jR2b5v7d2vIOust+w3wtFKZIfpC2pnRmFAhAC/BuweZFQR8qZzxH1OyrQ10HmdVYiXWkYUqPVsz91cG7EL2FBg==",
      "dev": true,
      "dependencies": {
        "graceful-fs": "^4.1.6",
        "universalify": "^1.0.0"
      }
    },
    "node_modules/lunr": {
      "version": "2.3.8",
      "resolved": "https://registry.npmjs.org/lunr/-/lunr-2.3.8.tgz",
      "integrity": "sha512-oxMeX/Y35PNFuZoHp+jUj5OSEmLCaIH4KTFJh7a93cHBoFmpw2IoPs22VIz7vyO2YUnx2Tn9dzIwO2P/4quIRg==",
      "dev": true
    },
    "node_modules/make-error": {
      "version": "1.3.6",
      "resolved": "https://registry.npmjs.org/make-error/-/make-error-1.3.6.tgz",
      "integrity": "sha512-s8UhlNe7vPKomQhC1qFelMokr/Sc3AgNbso3n74mVPA5LTZwkB9NlXf4XPamLxJE8h0gh73rM94xvwRT2CVInw==",
      "dev": true
    },
    "node_modules/markdown-escapes": {
      "version": "1.0.4",
      "resolved": "https://registry.npmjs.org/markdown-escapes/-/markdown-escapes-1.0.4.tgz",
      "integrity": "sha512-8z4efJYk43E0upd0NbVXwgSTQs6cT3T06etieCMEg7dRbzCbxUCK/GHlX8mhHRDcp+OLlHkPKsvqQTCvsRl2cg==",
      "dev": true
    },
    "node_modules/merge-json": {
      "version": "0.1.0-b.3",
      "resolved": "https://registry.npmjs.org/merge-json/-/merge-json-0.1.0-b.3.tgz",
      "integrity": "sha1-RI4RhCTHdSryrcqD+7BJdYWWpoA="
    },
    "node_modules/parse-entities": {
      "version": "2.0.0",
      "resolved": "https://registry.npmjs.org/parse-entities/-/parse-entities-2.0.0.tgz",
      "integrity": "sha512-kkywGpCcRYhqQIchaWqZ875wzpS/bMKhz5HnN3p7wveJTkTtyAB/AlnS0f8DFSqYW1T82t6yEAkEcB+A1I3MbQ==",
      "dev": true,
      "dependencies": {
        "character-entities": "^1.0.0",
        "character-entities-legacy": "^1.0.0",
        "character-reference-invalid": "^1.0.0",
        "is-alphanumerical": "^1.0.0",
        "is-decimal": "^1.0.0",
        "is-hexadecimal": "^1.0.0"
      }
    },
    "node_modules/path-key": {
      "version": "3.1.1",
      "resolved": "https://registry.npmjs.org/path-key/-/path-key-3.1.1.tgz",
      "integrity": "sha512-ojmeN0qd+y0jszEtoY48r0Peq5dwMEkIlCOu6Q5f41lfkswXuKtYrhgoTpLnyIcHm24Uhqx+5Tqm2InSwLhE6Q==",
      "dev": true,
      "engines": {
        "node": ">=8"
      }
    },
    "node_modules/remark-parse": {
      "version": "8.0.2",
      "resolved": "https://registry.npmjs.org/remark-parse/-/remark-parse-8.0.2.tgz",
      "integrity": "sha512-eMI6kMRjsAGpMXXBAywJwiwAse+KNpmt+BK55Oofy4KvBZEqUDj6mWbGLJZrujoPIPPxDXzn3T9baRlpsm2jnQ==",
      "dev": true,
      "dependencies": {
        "ccount": "^1.0.0",
        "collapse-white-space": "^1.0.2",
        "is-alphabetical": "^1.0.0",
        "is-decimal": "^1.0.0",
        "is-whitespace-character": "^1.0.0",
        "is-word-character": "^1.0.0",
        "markdown-escapes": "^1.0.0",
        "parse-entities": "^2.0.0",
        "repeat-string": "^1.5.4",
        "state-toggle": "^1.0.0",
        "trim": "0.0.1",
        "trim-trailing-lines": "^1.0.0",
        "unherit": "^1.0.4",
        "unist-util-remove-position": "^2.0.0",
        "vfile-location": "^3.0.0",
        "xtend": "^4.0.1"
      }
    },
    "node_modules/repeat-string": {
      "version": "1.6.1",
      "resolved": "https://registry.npmjs.org/repeat-string/-/repeat-string-1.6.1.tgz",
      "integrity": "sha1-jcrkcOHIirwtYA//Sndihtp15jc=",
      "dev": true,
      "engines": {
        "node": ">=0.10"
      }
    },
    "node_modules/replace-ext": {
      "version": "1.0.0",
      "resolved": "https://registry.npmjs.org/replace-ext/-/replace-ext-1.0.0.tgz",
      "integrity": "sha1-3mMSg3P8v3w8z6TeWkgMRaZ5WOs=",
      "dev": true,
      "engines": {
        "node": ">= 0.10"
      }
    },
    "node_modules/shebang-command": {
      "version": "2.0.0",
      "resolved": "https://registry.npmjs.org/shebang-command/-/shebang-command-2.0.0.tgz",
      "integrity": "sha512-kHxr2zZpYtdmrN1qDjrrX/Z1rR1kG8Dx+gkpK1G4eXmvXswmcE1hTWBWYUzlraYw1/yZp6YuDY77YtvbN0dmDA==",
      "dev": true,
      "dependencies": {
        "shebang-regex": "^3.0.0"
      },
      "engines": {
        "node": ">=8"
      }
    },
    "node_modules/shebang-regex": {
      "version": "3.0.0",
      "resolved": "https://registry.npmjs.org/shebang-regex/-/shebang-regex-3.0.0.tgz",
      "integrity": "sha512-7++dFhtcx3353uBaq8DDR4NuxBetBzC7ZQOhmTQInHEd6bSrXdiEyzCvG07Z44UYdLShWUyXt5M/yhz8ekcb1A==",
      "dev": true,
      "engines": {
        "node": ">=8"
      }
    },
    "node_modules/source-map": {
      "version": "0.6.1",
      "resolved": "https://registry.npmjs.org/source-map/-/source-map-0.6.1.tgz",
      "integrity": "sha512-UjgapumWlbMhkBgzT7Ykc5YXUT46F0iKu8SGXq0bcwP5dz/h0Plj6enJqjz1Zbq2l5WaqYnrVbwWOWMyF3F47g==",
      "dev": true,
      "engines": {
        "node": ">=0.10.0"
      }
    },
    "node_modules/source-map-support": {
      "version": "0.5.19",
      "resolved": "https://registry.npmjs.org/source-map-support/-/source-map-support-0.5.19.tgz",
      "integrity": "sha512-Wonm7zOCIJzBGQdB+thsPar0kYuCIzYvxZwlBa87yi/Mdjv7Tip2cyVbLj5o0cFPN4EVkuTwb3GDDyUx2DGnGw==",
      "dev": true,
      "dependencies": {
        "buffer-from": "^1.0.0",
        "source-map": "^0.6.0"
      }
    },
    "node_modules/state-toggle": {
      "version": "1.0.3",
      "resolved": "https://registry.npmjs.org/state-toggle/-/state-toggle-1.0.3.tgz",
      "integrity": "sha512-d/5Z4/2iiCnHw6Xzghyhb+GcmF89bxwgXG60wjIiZaxnymbyOmI8Hk4VqHXiVVp6u2ysaskFfXg3ekCj4WNftQ==",
      "dev": true
    },
    "node_modules/to-vfile": {
      "version": "6.1.0",
      "resolved": "https://registry.npmjs.org/to-vfile/-/to-vfile-6.1.0.tgz",
      "integrity": "sha512-BxX8EkCxOAZe+D/ToHdDsJcVI4HqQfmw0tCkp31zf3dNP/XWIAjU4CmeuSwsSoOzOTqHPOL0KUzyZqJplkD0Qw==",
      "dev": true,
      "dependencies": {
        "is-buffer": "^2.0.0",
        "vfile": "^4.0.0"
      }
    },
    "node_modules/trim": {
      "version": "0.0.1",
      "resolved": "https://registry.npmjs.org/trim/-/trim-0.0.1.tgz",
      "integrity": "sha1-WFhUf2spB1fulczMZm+1AITEYN0=",
      "dev": true
    },
    "node_modules/trim-trailing-lines": {
      "version": "1.1.3",
      "resolved": "https://registry.npmjs.org/trim-trailing-lines/-/trim-trailing-lines-1.1.3.tgz",
      "integrity": "sha512-4ku0mmjXifQcTVfYDfR5lpgV7zVqPg6zV9rdZmwOPqq0+Zq19xDqEgagqVbc4pOOShbncuAOIs59R3+3gcF3ZA==",
      "dev": true
    },
    "node_modules/trough": {
      "version": "1.0.5",
      "resolved": "https://registry.npmjs.org/trough/-/trough-1.0.5.tgz",
      "integrity": "sha512-rvuRbTarPXmMb79SmzEp8aqXNKcK+y0XaB298IXueQ8I2PsrATcPBCSPyK/dDNa2iWOhKlfNnOjdAOTBU/nkFA==",
      "dev": true
    },
    "node_modules/ts-node": {
      "version": "8.10.1",
      "resolved": "https://registry.npmjs.org/ts-node/-/ts-node-8.10.1.tgz",
      "integrity": "sha512-bdNz1L4ekHiJul6SHtZWs1ujEKERJnHs4HxN7rjTyyVOFf3HaJ6sLqe6aPG62XTzAB/63pKRh5jTSWL0D7bsvw==",
      "dev": true,
      "dependencies": {
        "arg": "^4.1.0",
        "diff": "^4.0.1",
        "make-error": "^1.1.1",
        "source-map-support": "^0.5.17",
        "yn": "3.1.1"
      },
      "bin": {
        "ts-node": "dist/bin.js",
        "ts-node-script": "dist/bin-script.js",
        "ts-node-transpile-only": "dist/bin-transpile.js",
        "ts-script": "dist/bin-script-deprecated.js"
      },
      "engines": {
        "node": ">=6.0.0"
      }
    },
    "node_modules/typescript": {
      "version": "3.9.3",
      "resolved": "https://registry.npmjs.org/typescript/-/typescript-3.9.3.tgz",
      "integrity": "sha512-D/wqnB2xzNFIcoBG9FG8cXRDjiqSTbG2wd8DMZeQyJlP1vfTkIxH4GKveWaEBYySKIg+USu+E+EDIR47SqnaMQ==",
      "dev": true,
      "bin": {
        "tsc": "bin/tsc",
        "tsserver": "bin/tsserver"
      },
      "engines": {
        "node": ">=4.2.0"
      }
    },
    "node_modules/unherit": {
      "version": "1.1.3",
      "resolved": "https://registry.npmjs.org/unherit/-/unherit-1.1.3.tgz",
      "integrity": "sha512-Ft16BJcnapDKp0+J/rqFC3Rrk6Y/Ng4nzsC028k2jdDII/rdZ7Wd3pPT/6+vIIxRagwRc9K0IUX0Ra4fKvw+WQ==",
      "dev": true,
      "dependencies": {
        "inherits": "^2.0.0",
        "xtend": "^4.0.0"
      }
    },
    "node_modules/unified": {
      "version": "9.0.0",
      "resolved": "https://registry.npmjs.org/unified/-/unified-9.0.0.tgz",
      "integrity": "sha512-ssFo33gljU3PdlWLjNp15Inqb77d6JnJSfyplGJPT/a+fNRNyCBeveBAYJdO5khKdF6WVHa/yYCC7Xl6BDwZUQ==",
      "dev": true,
      "dependencies": {
        "bail": "^1.0.0",
        "extend": "^3.0.0",
        "is-buffer": "^2.0.0",
        "is-plain-obj": "^2.0.0",
        "trough": "^1.0.0",
        "vfile": "^4.0.0"
      }
    },
    "node_modules/unist-util-is": {
      "version": "4.0.2",
      "resolved": "https://registry.npmjs.org/unist-util-is/-/unist-util-is-4.0.2.tgz",
      "integrity": "sha512-Ofx8uf6haexJwI1gxWMGg6I/dLnF2yE+KibhD3/diOqY2TinLcqHXCV6OI5gFVn3xQqDH+u0M625pfKwIwgBKQ==",
      "dev": true
    },
    "node_modules/unist-util-remove-position": {
      "version": "2.0.1",
      "resolved": "https://registry.npmjs.org/unist-util-remove-position/-/unist-util-remove-position-2.0.1.tgz",
      "integrity": "sha512-fDZsLYIe2uT+oGFnuZmy73K6ZxOPG/Qcm+w7jbEjaFcJgbQ6cqjs/eSPzXhsmGpAsWPkqZM9pYjww5QTn3LHMA==",
      "dev": true,
      "dependencies": {
        "unist-util-visit": "^2.0.0"
      }
    },
    "node_modules/unist-util-stringify-position": {
      "version": "2.0.3",
      "resolved": "https://registry.npmjs.org/unist-util-stringify-position/-/unist-util-stringify-position-2.0.3.tgz",
      "integrity": "sha512-3faScn5I+hy9VleOq/qNbAd6pAx7iH5jYBMS9I1HgQVijz/4mv5Bvw5iw1sC/90CODiKo81G/ps8AJrISn687g==",
      "dev": true,
      "dependencies": {
        "@types/unist": "^2.0.2"
      }
    },
    "node_modules/unist-util-visit": {
      "version": "2.0.2",
      "resolved": "https://registry.npmjs.org/unist-util-visit/-/unist-util-visit-2.0.2.tgz",
      "integrity": "sha512-HoHNhGnKj6y+Sq+7ASo2zpVdfdRifhTgX2KTU3B/sO/TTlZchp7E3S4vjRzDJ7L60KmrCPsQkVK3lEF3cz36XQ==",
      "dev": true,
      "dependencies": {
        "@types/unist": "^2.0.0",
        "unist-util-is": "^4.0.0",
        "unist-util-visit-parents": "^3.0.0"
      }
    },
    "node_modules/unist-util-visit-parents": {
      "version": "3.0.2",
      "resolved": "https://registry.npmjs.org/unist-util-visit-parents/-/unist-util-visit-parents-3.0.2.tgz",
      "integrity": "sha512-yJEfuZtzFpQmg1OSCyS9M5NJRrln/9FbYosH3iW0MG402QbdbaB8ZESwUv9RO6nRfLAKvWcMxCwdLWOov36x/g==",
      "dev": true,
      "dependencies": {
        "@types/unist": "^2.0.0",
        "unist-util-is": "^4.0.0"
      }
    },
    "node_modules/universalify": {
      "version": "1.0.0",
      "resolved": "https://registry.npmjs.org/universalify/-/universalify-1.0.0.tgz",
      "integrity": "sha512-rb6X1W158d7pRQBg5gkR8uPaSfiids68LTJQYOtEUhoJUWBdaQHsuT/EUduxXYxcrt4r5PJ4fuHW1MHT6p0qug==",
      "dev": true,
      "engines": {
        "node": ">= 10.0.0"
      }
    },
    "node_modules/vfile": {
      "version": "4.1.1",
      "resolved": "https://registry.npmjs.org/vfile/-/vfile-4.1.1.tgz",
      "integrity": "sha512-lRjkpyDGjVlBA7cDQhQ+gNcvB1BGaTHYuSOcY3S7OhDmBtnzX95FhtZZDecSTDm6aajFymyve6S5DN4ZHGezdQ==",
      "dev": true,
      "dependencies": {
        "@types/unist": "^2.0.0",
        "is-buffer": "^2.0.0",
        "replace-ext": "1.0.0",
        "unist-util-stringify-position": "^2.0.0",
        "vfile-message": "^2.0.0"
      }
    },
    "node_modules/vfile-location": {
      "version": "3.0.1",
      "resolved": "https://registry.npmjs.org/vfile-location/-/vfile-location-3.0.1.tgz",
      "integrity": "sha512-yYBO06eeN/Ki6Kh1QAkgzYpWT1d3Qln+ZCtSbJqFExPl1S3y2qqotJQXoh6qEvl/jDlgpUJolBn3PItVnnZRqQ==",
      "dev": true
    },
    "node_modules/vfile-message": {
      "version": "2.0.4",
      "resolved": "https://registry.npmjs.org/vfile-message/-/vfile-message-2.0.4.tgz",
      "integrity": "sha512-DjssxRGkMvifUOJre00juHoP9DPWuzjxKuMDrhNbk2TdaYYBNMStsNhEOt3idrtI12VQYM/1+iM0KOzXi4pxwQ==",
      "dev": true,
      "dependencies": {
        "@types/unist": "^2.0.0",
        "unist-util-stringify-position": "^2.0.0"
      }
    },
    "node_modules/which": {
      "version": "2.0.2",
      "resolved": "https://registry.npmjs.org/which/-/which-2.0.2.tgz",
      "integrity": "sha512-BLI3Tl1TW3Pvl70l3yq3Y64i+awpwXqsGBYWkkqMtnbXgrMD+yj7rhW0kuEDxzJaYXGjEW5ogapKNMEKNMjibA==",
      "dev": true,
      "dependencies": {
        "isexe": "^2.0.0"
      },
      "bin": {
        "node-which": "bin/node-which"
      },
      "engines": {
        "node": ">= 8"
      }
    },
    "node_modules/xtend": {
      "version": "4.0.2",
      "resolved": "https://registry.npmjs.org/xtend/-/xtend-4.0.2.tgz",
      "integrity": "sha512-LKYU1iAXJXUgAXn9URjiu+MWhyUXHsvfp7mcuYm9dSUKK0/CjtrUwFAxD82/mCWbtLsGjFIad0wIsod4zrTAEQ==",
      "dev": true,
      "engines": {
        "node": ">=0.4"
      }
    },
    "node_modules/yn": {
      "version": "3.1.1",
      "resolved": "https://registry.npmjs.org/yn/-/yn-3.1.1.tgz",
      "integrity": "sha512-Ux4ygGWsu2c7isFWe8Yu1YluJmqVhxqK2cLXNQA5AcC3QfbGNpM7fu0Y8b/z16pXLnFxZYvWhd3fhBY9DLmC6Q==",
      "dev": true,
      "engines": {
        "node": ">=6"
      }
    }
  },
  "dependencies": {
    "@types/fs-extra": {
      "version": "9.0.1",
      "resolved": "https://registry.npmjs.org/@types/fs-extra/-/fs-extra-9.0.1.tgz",
      "integrity": "sha512-B42Sxuaz09MhC3DDeW5kubRcQ5by4iuVQ0cRRWM2lggLzAa/KVom0Aft/208NgMvNQQZ86s5rVcqDdn/SH0/mg==",
      "dev": true,
      "requires": {
        "@types/node": "*"
      }
    },
    "@types/lunr": {
      "version": "2.3.3",
      "resolved": "https://registry.npmjs.org/@types/lunr/-/lunr-2.3.3.tgz",
      "integrity": "sha512-09sXZZVsB3Ib41U0fC+O1O+4UOZT1bl/e+/QubPxpqDWHNEchvx/DEb1KJMOwq6K3MTNzZFoNSzVdR++o1DVnw==",
      "dev": true
    },
    "@types/node": {
      "version": "14.0.5",
      "resolved": "https://registry.npmjs.org/@types/node/-/node-14.0.5.tgz",
      "integrity": "sha512-90hiq6/VqtQgX8Sp0EzeIsv3r+ellbGj4URKj5j30tLlZvRUpnAe9YbYnjl3pJM93GyXU0tghHhvXHq+5rnCKA==",
      "dev": true
    },
    "@types/unist": {
      "version": "2.0.3",
      "resolved": "https://registry.npmjs.org/@types/unist/-/unist-2.0.3.tgz",
      "integrity": "sha512-FvUupuM3rlRsRtCN+fDudtmytGO6iHJuuRKS1Ss0pG5z8oX0diNEw94UEL7hgDbpN94rgaK5R7sWm6RrSkZuAQ==",
      "dev": true
    },
    "arg": {
      "version": "4.1.3",
      "resolved": "https://registry.npmjs.org/arg/-/arg-4.1.3.tgz",
      "integrity": "sha512-58S9QDqG0Xx27YwPSt9fJxivjYl432YCwfDMfZ+71RAqUrZef7LrKQZ3LHLOwCS4FLNBplP533Zx895SeOCHvA==",
      "dev": true
    },
    "at-least-node": {
      "version": "1.0.0",
      "resolved": "https://registry.npmjs.org/at-least-node/-/at-least-node-1.0.0.tgz",
      "integrity": "sha512-+q/t7Ekv1EDY2l6Gda6LLiX14rU9TV20Wa3ofeQmwPFZbOMo9DXrLbOjFaaclkXKWidIaopwAObQDqwWtGUjqg==",
      "dev": true
    },
    "bail": {
      "version": "1.0.5",
      "resolved": "https://registry.npmjs.org/bail/-/bail-1.0.5.tgz",
      "integrity": "sha512-xFbRxM1tahm08yHBP16MMjVUAvDaBMD38zsM9EMAUN61omwLmKlOpB/Zku5QkjZ8TZ4vn53pj+t518cH0S03RQ==",
      "dev": true
    },
    "buffer-from": {
      "version": "1.1.1",
      "resolved": "https://registry.npmjs.org/buffer-from/-/buffer-from-1.1.1.tgz",
      "integrity": "sha512-MQcXEUbCKtEo7bhqEs6560Hyd4XaovZlO/k9V3hjVUF/zwW7KBVdSK4gIt/bzwS9MbR5qob+F5jusZsb0YQK2A==",
      "dev": true
    },
    "ccount": {
      "version": "1.0.5",
      "resolved": "https://registry.npmjs.org/ccount/-/ccount-1.0.5.tgz",
      "integrity": "sha512-MOli1W+nfbPLlKEhInaxhRdp7KVLFxLN5ykwzHgLsLI3H3gs5jjFAK4Eoj3OzzcxCtumDaI8onoVDeQyWaNTkw==",
      "dev": true
    },
    "character-entities": {
      "version": "1.2.4",
      "resolved": "https://registry.npmjs.org/character-entities/-/character-entities-1.2.4.tgz",
      "integrity": "sha512-iBMyeEHxfVnIakwOuDXpVkc54HijNgCyQB2w0VfGQThle6NXn50zU6V/u+LDhxHcDUPojn6Kpga3PTAD8W1bQw==",
      "dev": true
    },
    "character-entities-legacy": {
      "version": "1.1.4",
      "resolved": "https://registry.npmjs.org/character-entities-legacy/-/character-entities-legacy-1.1.4.tgz",
      "integrity": "sha512-3Xnr+7ZFS1uxeiUDvV02wQ+QDbc55o97tIV5zHScSPJpcLm/r0DFPcoY3tYRp+VZukxuMeKgXYmsXQHO05zQeA==",
      "dev": true
    },
    "character-reference-invalid": {
      "version": "1.1.4",
      "resolved": "https://registry.npmjs.org/character-reference-invalid/-/character-reference-invalid-1.1.4.tgz",
      "integrity": "sha512-mKKUkUbhPpQlCOfIuZkvSEgktjPFIsZKRRbC6KWVEMvlzblj3i3asQv5ODsrwt0N3pHAEvjP8KTQPHkp0+6jOg==",
      "dev": true
    },
    "collapse-white-space": {
      "version": "1.0.6",
      "resolved": "https://registry.npmjs.org/collapse-white-space/-/collapse-white-space-1.0.6.tgz",
      "integrity": "sha512-jEovNnrhMuqyCcjfEJA56v0Xq8SkIoPKDyaHahwo3POf4qcSXqMYuwNcOTzp74vTsR9Tn08z4MxWqAhcekogkQ==",
      "dev": true
    },
    "cross-env": {
      "version": "7.0.2",
      "resolved": "https://registry.npmjs.org/cross-env/-/cross-env-7.0.2.tgz",
      "integrity": "sha512-KZP/bMEOJEDCkDQAyRhu3RL2ZO/SUVrxQVI0G3YEQ+OLbRA3c6zgixe8Mq8a/z7+HKlNEjo8oiLUs8iRijY2Rw==",
      "dev": true,
      "requires": {
        "cross-spawn": "^7.0.1"
      }
    },
    "cross-spawn": {
      "version": "7.0.3",
      "resolved": "https://registry.npmjs.org/cross-spawn/-/cross-spawn-7.0.3.tgz",
      "integrity": "sha512-iRDPJKUPVEND7dHPO8rkbOnPpyDygcDFtWjpeWNCgy8WP2rXcxXL8TskReQl6OrB2G7+UJrags1q15Fudc7G6w==",
      "dev": true,
      "requires": {
        "path-key": "^3.1.0",
        "shebang-command": "^2.0.0",
        "which": "^2.0.1"
      }
    },
    "diff": {
      "version": "4.0.2",
      "resolved": "https://registry.npmjs.org/diff/-/diff-4.0.2.tgz",
      "integrity": "sha512-58lmxKSA4BNyLz+HHMUzlOEpg09FV+ev6ZMe3vJihgdxzgcwZ8VoEEPmALCZG9LmqfVoNMMKpttIYTVG6uDY7A==",
      "dev": true
    },
    "dotenv": {
      "version": "8.2.0",
      "resolved": "https://registry.npmjs.org/dotenv/-/dotenv-8.2.0.tgz",
      "integrity": "sha512-8sJ78ElpbDJBHNeBzUbUVLsqKdccaa/BXF1uPTw3GrvQTBgrQrtObr2mUrE38vzYd8cEv+m/JBfDLioYcfXoaw==",
      "dev": true
    },
    "emoji-regex": {
      "version": "6.1.1",
      "resolved": "https://registry.npmjs.org/emoji-regex/-/emoji-regex-6.1.1.tgz",
      "integrity": "sha1-xs0OwbBkLio8Z6ETfvxeeW2k+I4="
    },
    "extend": {
      "version": "3.0.2",
      "resolved": "https://registry.npmjs.org/extend/-/extend-3.0.2.tgz",
      "integrity": "sha512-fjquC59cD7CyW6urNXK0FBufkZcoiGG80wTuPujX590cB5Ttln20E2UB4S/WARVqhXffZl2LNgS+gQdPIIim/g==",
      "dev": true
    },
    "fs-extra": {
      "version": "9.0.0",
      "resolved": "https://registry.npmjs.org/fs-extra/-/fs-extra-9.0.0.tgz",
      "integrity": "sha512-pmEYSk3vYsG/bF651KPUXZ+hvjpgWYw/Gc7W9NFUe3ZVLczKKWIij3IKpOrQcdw4TILtibFslZ0UmR8Vvzig4g==",
      "dev": true,
      "requires": {
        "at-least-node": "^1.0.0",
        "graceful-fs": "^4.2.0",
        "jsonfile": "^6.0.1",
        "universalify": "^1.0.0"
      }
    },
    "github-slugger": {
      "version": "1.3.0",
      "resolved": "https://registry.npmjs.org/github-slugger/-/github-slugger-1.3.0.tgz",
      "integrity": "sha512-gwJScWVNhFYSRDvURk/8yhcFBee6aFjye2a7Lhb2bUyRulpIoek9p0I9Kt7PT67d/nUlZbFu8L9RLiA0woQN8Q==",
      "requires": {
        "emoji-regex": ">=6.0.0 <=6.1.1"
      }
    },
    "graceful-fs": {
      "version": "4.2.4",
      "resolved": "https://registry.npmjs.org/graceful-fs/-/graceful-fs-4.2.4.tgz",
      "integrity": "sha512-WjKPNJF79dtJAVniUlGGWHYGz2jWxT6VhN/4m1NdkbZ2nOsEF+cI1Edgql5zCRhs/VsQYRvrXctxktVXZUkixw==",
      "dev": true
    },
    "inherits": {
      "version": "2.0.4",
      "resolved": "https://registry.npmjs.org/inherits/-/inherits-2.0.4.tgz",
      "integrity": "sha512-k/vGaX4/Yla3WzyMCvTQOXYeIHvqOKtnqBduzTHpzpQZzAskKMhZ2K+EnBiSM9zGSoIFeMpXKxa4dYeZIQqewQ==",
      "dev": true
    },
    "is-alphabetical": {
      "version": "1.0.4",
      "resolved": "https://registry.npmjs.org/is-alphabetical/-/is-alphabetical-1.0.4.tgz",
      "integrity": "sha512-DwzsA04LQ10FHTZuL0/grVDk4rFoVH1pjAToYwBrHSxcrBIGQuXrQMtD5U1b0U2XVgKZCTLLP8u2Qxqhy3l2Vg==",
      "dev": true
    },
    "is-alphanumerical": {
      "version": "1.0.4",
      "resolved": "https://registry.npmjs.org/is-alphanumerical/-/is-alphanumerical-1.0.4.tgz",
      "integrity": "sha512-UzoZUr+XfVz3t3v4KyGEniVL9BDRoQtY7tOyrRybkVNjDFWyo1yhXNGrrBTQxp3ib9BLAWs7k2YKBQsFRkZG9A==",
      "dev": true,
      "requires": {
        "is-alphabetical": "^1.0.0",
        "is-decimal": "^1.0.0"
      }
    },
    "is-buffer": {
      "version": "2.0.4",
      "resolved": "https://registry.npmjs.org/is-buffer/-/is-buffer-2.0.4.tgz",
      "integrity": "sha512-Kq1rokWXOPXWuaMAqZiJW4XxsmD9zGx9q4aePabbn3qCRGedtH7Cm+zV8WETitMfu1wdh+Rvd6w5egwSngUX2A==",
      "dev": true
    },
    "is-decimal": {
      "version": "1.0.4",
      "resolved": "https://registry.npmjs.org/is-decimal/-/is-decimal-1.0.4.tgz",
      "integrity": "sha512-RGdriMmQQvZ2aqaQq3awNA6dCGtKpiDFcOzrTWrDAT2MiWrKQVPmxLGHl7Y2nNu6led0kEyoX0enY0qXYsv9zw==",
      "dev": true
    },
    "is-hexadecimal": {
      "version": "1.0.4",
      "resolved": "https://registry.npmjs.org/is-hexadecimal/-/is-hexadecimal-1.0.4.tgz",
      "integrity": "sha512-gyPJuv83bHMpocVYoqof5VDiZveEoGoFL8m3BXNb2VW8Xs+rz9kqO8LOQ5DH6EsuvilT1ApazU0pyl+ytbPtlw==",
      "dev": true
    },
    "is-plain-obj": {
      "version": "2.1.0",
      "resolved": "https://registry.npmjs.org/is-plain-obj/-/is-plain-obj-2.1.0.tgz",
      "integrity": "sha512-YWnfyRwxL/+SsrWYfOpUtz5b3YD+nyfkHvjbcanzk8zgyO4ASD67uVMRt8k5bM4lLMDnXfriRhOpemw+NfT1eA==",
      "dev": true
    },
    "is-whitespace-character": {
      "version": "1.0.4",
      "resolved": "https://registry.npmjs.org/is-whitespace-character/-/is-whitespace-character-1.0.4.tgz",
      "integrity": "sha512-SDweEzfIZM0SJV0EUga669UTKlmL0Pq8Lno0QDQsPnvECB3IM2aP0gdx5TrU0A01MAPfViaZiI2V1QMZLaKK5w==",
      "dev": true
    },
    "is-word-character": {
      "version": "1.0.4",
      "resolved": "https://registry.npmjs.org/is-word-character/-/is-word-character-1.0.4.tgz",
      "integrity": "sha512-5SMO8RVennx3nZrqtKwCGyyetPE9VDba5ugvKLaD4KopPG5kR4mQ7tNt/r7feL5yt5h3lpuBbIUmCOG2eSzXHA==",
      "dev": true
    },
    "isexe": {
      "version": "2.0.0",
      "resolved": "https://registry.npmjs.org/isexe/-/isexe-2.0.0.tgz",
      "integrity": "sha1-6PvzdNxVb/iUehDcsFctYz8s+hA=",
      "dev": true
    },
    "jsonfile": {
      "version": "6.0.1",
      "resolved": "https://registry.npmjs.org/jsonfile/-/jsonfile-6.0.1.tgz",
      "integrity": "sha512-jR2b5v7d2vIOust+w3wtFKZIfpC2pnRmFAhAC/BuweZFQR8qZzxH1OyrQ10HmdVYiXWkYUqPVsz91cG7EL2FBg==",
      "dev": true,
      "requires": {
        "graceful-fs": "^4.1.6",
        "universalify": "^1.0.0"
      }
    },
    "lunr": {
      "version": "2.3.8",
      "resolved": "https://registry.npmjs.org/lunr/-/lunr-2.3.8.tgz",
      "integrity": "sha512-oxMeX/Y35PNFuZoHp+jUj5OSEmLCaIH4KTFJh7a93cHBoFmpw2IoPs22VIz7vyO2YUnx2Tn9dzIwO2P/4quIRg==",
      "dev": true
    },
    "make-error": {
      "version": "1.3.6",
      "resolved": "https://registry.npmjs.org/make-error/-/make-error-1.3.6.tgz",
      "integrity": "sha512-s8UhlNe7vPKomQhC1qFelMokr/Sc3AgNbso3n74mVPA5LTZwkB9NlXf4XPamLxJE8h0gh73rM94xvwRT2CVInw==",
      "dev": true
    },
    "markdown-escapes": {
      "version": "1.0.4",
      "resolved": "https://registry.npmjs.org/markdown-escapes/-/markdown-escapes-1.0.4.tgz",
      "integrity": "sha512-8z4efJYk43E0upd0NbVXwgSTQs6cT3T06etieCMEg7dRbzCbxUCK/GHlX8mhHRDcp+OLlHkPKsvqQTCvsRl2cg==",
      "dev": true
    },
    "merge-json": {
      "version": "0.1.0-b.3",
      "resolved": "https://registry.npmjs.org/merge-json/-/merge-json-0.1.0-b.3.tgz",
      "integrity": "sha1-RI4RhCTHdSryrcqD+7BJdYWWpoA="
    },
    "parse-entities": {
      "version": "2.0.0",
      "resolved": "https://registry.npmjs.org/parse-entities/-/parse-entities-2.0.0.tgz",
      "integrity": "sha512-kkywGpCcRYhqQIchaWqZ875wzpS/bMKhz5HnN3p7wveJTkTtyAB/AlnS0f8DFSqYW1T82t6yEAkEcB+A1I3MbQ==",
      "dev": true,
      "requires": {
        "character-entities": "^1.0.0",
        "character-entities-legacy": "^1.0.0",
        "character-reference-invalid": "^1.0.0",
        "is-alphanumerical": "^1.0.0",
        "is-decimal": "^1.0.0",
        "is-hexadecimal": "^1.0.0"
      }
    },
    "path-key": {
      "version": "3.1.1",
      "resolved": "https://registry.npmjs.org/path-key/-/path-key-3.1.1.tgz",
      "integrity": "sha512-ojmeN0qd+y0jszEtoY48r0Peq5dwMEkIlCOu6Q5f41lfkswXuKtYrhgoTpLnyIcHm24Uhqx+5Tqm2InSwLhE6Q==",
      "dev": true
    },
    "remark-parse": {
      "version": "8.0.2",
      "resolved": "https://registry.npmjs.org/remark-parse/-/remark-parse-8.0.2.tgz",
      "integrity": "sha512-eMI6kMRjsAGpMXXBAywJwiwAse+KNpmt+BK55Oofy4KvBZEqUDj6mWbGLJZrujoPIPPxDXzn3T9baRlpsm2jnQ==",
      "dev": true,
      "requires": {
        "ccount": "^1.0.0",
        "collapse-white-space": "^1.0.2",
        "is-alphabetical": "^1.0.0",
        "is-decimal": "^1.0.0",
        "is-whitespace-character": "^1.0.0",
        "is-word-character": "^1.0.0",
        "markdown-escapes": "^1.0.0",
        "parse-entities": "^2.0.0",
        "repeat-string": "^1.5.4",
        "state-toggle": "^1.0.0",
        "trim": "0.0.1",
        "trim-trailing-lines": "^1.0.0",
        "unherit": "^1.0.4",
        "unist-util-remove-position": "^2.0.0",
        "vfile-location": "^3.0.0",
        "xtend": "^4.0.1"
      }
    },
    "repeat-string": {
      "version": "1.6.1",
      "resolved": "https://registry.npmjs.org/repeat-string/-/repeat-string-1.6.1.tgz",
      "integrity": "sha1-jcrkcOHIirwtYA//Sndihtp15jc=",
      "dev": true
    },
    "replace-ext": {
      "version": "1.0.0",
      "resolved": "https://registry.npmjs.org/replace-ext/-/replace-ext-1.0.0.tgz",
      "integrity": "sha1-3mMSg3P8v3w8z6TeWkgMRaZ5WOs=",
      "dev": true
    },
    "shebang-command": {
      "version": "2.0.0",
      "resolved": "https://registry.npmjs.org/shebang-command/-/shebang-command-2.0.0.tgz",
      "integrity": "sha512-kHxr2zZpYtdmrN1qDjrrX/Z1rR1kG8Dx+gkpK1G4eXmvXswmcE1hTWBWYUzlraYw1/yZp6YuDY77YtvbN0dmDA==",
      "dev": true,
      "requires": {
        "shebang-regex": "^3.0.0"
      }
    },
    "shebang-regex": {
      "version": "3.0.0",
      "resolved": "https://registry.npmjs.org/shebang-regex/-/shebang-regex-3.0.0.tgz",
      "integrity": "sha512-7++dFhtcx3353uBaq8DDR4NuxBetBzC7ZQOhmTQInHEd6bSrXdiEyzCvG07Z44UYdLShWUyXt5M/yhz8ekcb1A==",
      "dev": true
    },
    "source-map": {
      "version": "0.6.1",
      "resolved": "https://registry.npmjs.org/source-map/-/source-map-0.6.1.tgz",
      "integrity": "sha512-UjgapumWlbMhkBgzT7Ykc5YXUT46F0iKu8SGXq0bcwP5dz/h0Plj6enJqjz1Zbq2l5WaqYnrVbwWOWMyF3F47g==",
      "dev": true
    },
    "source-map-support": {
      "version": "0.5.19",
      "resolved": "https://registry.npmjs.org/source-map-support/-/source-map-support-0.5.19.tgz",
      "integrity": "sha512-Wonm7zOCIJzBGQdB+thsPar0kYuCIzYvxZwlBa87yi/Mdjv7Tip2cyVbLj5o0cFPN4EVkuTwb3GDDyUx2DGnGw==",
      "dev": true,
      "requires": {
        "buffer-from": "^1.0.0",
        "source-map": "^0.6.0"
      }
    },
    "state-toggle": {
      "version": "1.0.3",
      "resolved": "https://registry.npmjs.org/state-toggle/-/state-toggle-1.0.3.tgz",
      "integrity": "sha512-d/5Z4/2iiCnHw6Xzghyhb+GcmF89bxwgXG60wjIiZaxnymbyOmI8Hk4VqHXiVVp6u2ysaskFfXg3ekCj4WNftQ==",
      "dev": true
    },
    "to-vfile": {
      "version": "6.1.0",
      "resolved": "https://registry.npmjs.org/to-vfile/-/to-vfile-6.1.0.tgz",
      "integrity": "sha512-BxX8EkCxOAZe+D/ToHdDsJcVI4HqQfmw0tCkp31zf3dNP/XWIAjU4CmeuSwsSoOzOTqHPOL0KUzyZqJplkD0Qw==",
      "dev": true,
      "requires": {
        "is-buffer": "^2.0.0",
        "vfile": "^4.0.0"
      }
    },
    "trim": {
      "version": "0.0.1",
      "resolved": "https://registry.npmjs.org/trim/-/trim-0.0.1.tgz",
      "integrity": "sha1-WFhUf2spB1fulczMZm+1AITEYN0=",
      "dev": true
    },
    "trim-trailing-lines": {
      "version": "1.1.3",
      "resolved": "https://registry.npmjs.org/trim-trailing-lines/-/trim-trailing-lines-1.1.3.tgz",
      "integrity": "sha512-4ku0mmjXifQcTVfYDfR5lpgV7zVqPg6zV9rdZmwOPqq0+Zq19xDqEgagqVbc4pOOShbncuAOIs59R3+3gcF3ZA==",
      "dev": true
    },
    "trough": {
      "version": "1.0.5",
      "resolved": "https://registry.npmjs.org/trough/-/trough-1.0.5.tgz",
      "integrity": "sha512-rvuRbTarPXmMb79SmzEp8aqXNKcK+y0XaB298IXueQ8I2PsrATcPBCSPyK/dDNa2iWOhKlfNnOjdAOTBU/nkFA==",
      "dev": true
    },
    "ts-node": {
      "version": "8.10.1",
      "resolved": "https://registry.npmjs.org/ts-node/-/ts-node-8.10.1.tgz",
      "integrity": "sha512-bdNz1L4ekHiJul6SHtZWs1ujEKERJnHs4HxN7rjTyyVOFf3HaJ6sLqe6aPG62XTzAB/63pKRh5jTSWL0D7bsvw==",
      "dev": true,
      "requires": {
        "arg": "^4.1.0",
        "diff": "^4.0.1",
        "make-error": "^1.1.1",
        "source-map-support": "^0.5.17",
        "yn": "3.1.1"
      }
    },
    "typescript": {
      "version": "3.9.3",
      "resolved": "https://registry.npmjs.org/typescript/-/typescript-3.9.3.tgz",
      "integrity": "sha512-D/wqnB2xzNFIcoBG9FG8cXRDjiqSTbG2wd8DMZeQyJlP1vfTkIxH4GKveWaEBYySKIg+USu+E+EDIR47SqnaMQ==",
      "dev": true
    },
    "unherit": {
      "version": "1.1.3",
      "resolved": "https://registry.npmjs.org/unherit/-/unherit-1.1.3.tgz",
      "integrity": "sha512-Ft16BJcnapDKp0+J/rqFC3Rrk6Y/Ng4nzsC028k2jdDII/rdZ7Wd3pPT/6+vIIxRagwRc9K0IUX0Ra4fKvw+WQ==",
      "dev": true,
      "requires": {
        "inherits": "^2.0.0",
        "xtend": "^4.0.0"
      }
    },
    "unified": {
      "version": "9.0.0",
      "resolved": "https://registry.npmjs.org/unified/-/unified-9.0.0.tgz",
      "integrity": "sha512-ssFo33gljU3PdlWLjNp15Inqb77d6JnJSfyplGJPT/a+fNRNyCBeveBAYJdO5khKdF6WVHa/yYCC7Xl6BDwZUQ==",
      "dev": true,
      "requires": {
        "bail": "^1.0.0",
        "extend": "^3.0.0",
        "is-buffer": "^2.0.0",
        "is-plain-obj": "^2.0.0",
        "trough": "^1.0.0",
        "vfile": "^4.0.0"
      }
    },
    "unist-util-is": {
      "version": "4.0.2",
      "resolved": "https://registry.npmjs.org/unist-util-is/-/unist-util-is-4.0.2.tgz",
      "integrity": "sha512-Ofx8uf6haexJwI1gxWMGg6I/dLnF2yE+KibhD3/diOqY2TinLcqHXCV6OI5gFVn3xQqDH+u0M625pfKwIwgBKQ==",
      "dev": true
    },
    "unist-util-remove-position": {
      "version": "2.0.1",
      "resolved": "https://registry.npmjs.org/unist-util-remove-position/-/unist-util-remove-position-2.0.1.tgz",
      "integrity": "sha512-fDZsLYIe2uT+oGFnuZmy73K6ZxOPG/Qcm+w7jbEjaFcJgbQ6cqjs/eSPzXhsmGpAsWPkqZM9pYjww5QTn3LHMA==",
      "dev": true,
      "requires": {
        "unist-util-visit": "^2.0.0"
      }
    },
    "unist-util-stringify-position": {
      "version": "2.0.3",
      "resolved": "https://registry.npmjs.org/unist-util-stringify-position/-/unist-util-stringify-position-2.0.3.tgz",
      "integrity": "sha512-3faScn5I+hy9VleOq/qNbAd6pAx7iH5jYBMS9I1HgQVijz/4mv5Bvw5iw1sC/90CODiKo81G/ps8AJrISn687g==",
      "dev": true,
      "requires": {
        "@types/unist": "^2.0.2"
      }
    },
    "unist-util-visit": {
      "version": "2.0.2",
      "resolved": "https://registry.npmjs.org/unist-util-visit/-/unist-util-visit-2.0.2.tgz",
      "integrity": "sha512-HoHNhGnKj6y+Sq+7ASo2zpVdfdRifhTgX2KTU3B/sO/TTlZchp7E3S4vjRzDJ7L60KmrCPsQkVK3lEF3cz36XQ==",
      "dev": true,
      "requires": {
        "@types/unist": "^2.0.0",
        "unist-util-is": "^4.0.0",
        "unist-util-visit-parents": "^3.0.0"
      }
    },
    "unist-util-visit-parents": {
      "version": "3.0.2",
      "resolved": "https://registry.npmjs.org/unist-util-visit-parents/-/unist-util-visit-parents-3.0.2.tgz",
      "integrity": "sha512-yJEfuZtzFpQmg1OSCyS9M5NJRrln/9FbYosH3iW0MG402QbdbaB8ZESwUv9RO6nRfLAKvWcMxCwdLWOov36x/g==",
      "dev": true,
      "requires": {
        "@types/unist": "^2.0.0",
        "unist-util-is": "^4.0.0"
      }
    },
    "universalify": {
      "version": "1.0.0",
      "resolved": "https://registry.npmjs.org/universalify/-/universalify-1.0.0.tgz",
      "integrity": "sha512-rb6X1W158d7pRQBg5gkR8uPaSfiids68LTJQYOtEUhoJUWBdaQHsuT/EUduxXYxcrt4r5PJ4fuHW1MHT6p0qug==",
      "dev": true
    },
    "vfile": {
      "version": "4.1.1",
      "resolved": "https://registry.npmjs.org/vfile/-/vfile-4.1.1.tgz",
      "integrity": "sha512-lRjkpyDGjVlBA7cDQhQ+gNcvB1BGaTHYuSOcY3S7OhDmBtnzX95FhtZZDecSTDm6aajFymyve6S5DN4ZHGezdQ==",
      "dev": true,
      "requires": {
        "@types/unist": "^2.0.0",
        "is-buffer": "^2.0.0",
        "replace-ext": "1.0.0",
        "unist-util-stringify-position": "^2.0.0",
        "vfile-message": "^2.0.0"
      }
    },
    "vfile-location": {
      "version": "3.0.1",
      "resolved": "https://registry.npmjs.org/vfile-location/-/vfile-location-3.0.1.tgz",
      "integrity": "sha512-yYBO06eeN/Ki6Kh1QAkgzYpWT1d3Qln+ZCtSbJqFExPl1S3y2qqotJQXoh6qEvl/jDlgpUJolBn3PItVnnZRqQ==",
      "dev": true
    },
    "vfile-message": {
      "version": "2.0.4",
      "resolved": "https://registry.npmjs.org/vfile-message/-/vfile-message-2.0.4.tgz",
      "integrity": "sha512-DjssxRGkMvifUOJre00juHoP9DPWuzjxKuMDrhNbk2TdaYYBNMStsNhEOt3idrtI12VQYM/1+iM0KOzXi4pxwQ==",
      "dev": true,
      "requires": {
        "@types/unist": "^2.0.0",
        "unist-util-stringify-position": "^2.0.0"
      }
    },
    "which": {
      "version": "2.0.2",
      "resolved": "https://registry.npmjs.org/which/-/which-2.0.2.tgz",
      "integrity": "sha512-BLI3Tl1TW3Pvl70l3yq3Y64i+awpwXqsGBYWkkqMtnbXgrMD+yj7rhW0kuEDxzJaYXGjEW5ogapKNMEKNMjibA==",
      "dev": true,
      "requires": {
        "isexe": "^2.0.0"
      }
    },
    "xtend": {
      "version": "4.0.2",
      "resolved": "https://registry.npmjs.org/xtend/-/xtend-4.0.2.tgz",
      "integrity": "sha512-LKYU1iAXJXUgAXn9URjiu+MWhyUXHsvfp7mcuYm9dSUKK0/CjtrUwFAxD82/mCWbtLsGjFIad0wIsod4zrTAEQ==",
      "dev": true
    },
    "yn": {
      "version": "3.1.1",
      "resolved": "https://registry.npmjs.org/yn/-/yn-3.1.1.tgz",
      "integrity": "sha512-Ux4ygGWsu2c7isFWe8Yu1YluJmqVhxqK2cLXNQA5AcC3QfbGNpM7fu0Y8b/z16pXLnFxZYvWhd3fhBY9DLmC6Q==",
      "dev": true
    }
  }
}
